{
  "requires": true,
  "lockfileVersion": 1,
  "dependencies": {
    "bootstrap-icons": {
      "version": "1.4.1",
      "resolved": "https://registry.npm.taobao.org/bootstrap-icons/download/bootstrap-icons-1.4.1.tgz",
      "integrity": "sha1-UHHS6p2rCtecpWc6l6AHSHLHThQ="
    },
    "popper.js": {
      "version": "1.16.1",
      "resolved": "https://registry.npm.taobao.org/popper.js/download/popper.js-1.16.1.tgz",
      "integrity": "sha1-KiI8s9x7YhPXQOQDcr5A3kPmWxs="
    }
  }
}
